
Microsoft Visual Studio Solution File, Format Version 12.00
# Visual Studio Version 17
VisualStudioVersion = 17.2.32630.192
MinimumVisualStudioVersion = 10.0.40219.1
Project("{8BC9CEB8-8B4A-11D0-8D11-00A0C91BC942}") = "day23", "day23\day23.vcxproj", "{719D5D84-C36B-4034-9B43-71F850A4EF97}"
EndProject
Global
	GlobalSection(SolutionConfigurationPlatforms) = preSolution
		Debug|x64 = Debug|x64
		Debug|x86 = Debug|x86
		Release|x64 = Release|x64
		Release|x86 = Release|x86
	EndGlobalSection
	GlobalSection(ProjectConfigurationPlatforms) = postSolution
		{719D5D84-C36B-4034-9B43-71F850A4EF97}.Debug|x64.ActiveCfg = Debug|x64
		{719D5D84-C36B-4034-9B43-71F850A4EF97}.Debug|x64.Build.0 = Debug|x64
		{719D5D84-C36B-4034-9B43-71F850A4EF97}.Debug|x86.ActiveCfg = Debug|Win32
		{719D5D84-C36B-4034-9B43-71F850A4EF97}.Debug|x86.Build.0 = Debug|Win32
		{719D5D84-C36B-4034-9B43-71F850A4EF97}.Release|x64.ActiveCfg = Release|x64
		{719D5D84-C36B-4034-9B43-71F850A4EF97}.Release|x64.Build.0 = Release|x64
		{719D5D84-C36B-4034-9B43-71F850A4EF97}.Release|x86.ActiveCfg = Release|Win32
		{719D5D84-C36B-4034-9B43-71F850A4EF97}.Release|x86.Build.0 = Release|Win32
	EndGlobalSection
	GlobalSection(SolutionProperties) = preSolution
		HideSolutionNode = FALSE
	EndGlobalSection
	GlobalSection(ExtensibilityGlobals) = postSolution
		SolutionGuid = {FE7EDDA5-DFF0-4846-B5B5-385CAF60D7E3}
	EndGlobalSection
EndGlobal
